
Microsoft Visual Studio Solution File, Format Version 12.00
# Visual Studio Version 17
VisualStudioVersion = 17.13.35828.75 d17.13
MinimumVisualStudioVersion = 10.0.40219.1
Project("{FAE04EC0-301F-11D3-BF4B-00C04F79EFBC}") = "arac_kiralama_otomasyonu", "arac_kiralama_otomasyonu\arac_kiralama_otomasyonu.csproj", "{A85BA2C3-0125-438C-9743-01658470A51B}"
EndProject
Global
	GlobalSection(SolutionConfigurationPlatforms) = preSolution
		Debug|Any CPU = Debug|Any CPU
		Release|Any CPU = Release|Any CPU
	EndGlobalSection
	GlobalSection(ProjectConfigurationPlatforms) = postSolution
		{A85BA2C3-0125-438C-9743-01658470A51B}.Debug|Any CPU.ActiveCfg = Debug|Any CPU
		{A85BA2C3-0125-438C-9743-01658470A51B}.Debug|Any CPU.Build.0 = Debug|Any CPU
		{A85BA2C3-0125-438C-9743-01658470A51B}.Release|Any CPU.ActiveCfg = Release|Any CPU
		{A85BA2C3-0125-438C-9743-01658470A51B}.Release|Any CPU.Build.0 = Release|Any CPU
	EndGlobalSection
	GlobalSection(SolutionProperties) = preSolution
		HideSolutionNode = FALSE
	EndGlobalSection
	GlobalSection(ExtensibilityGlobals) = postSolution
		SolutionGuid = {D5ED4F4F-41DD-4405-850C-852FBCC7A00E}
	EndGlobalSection
EndGlobal
